
Microsoft Visual Studio Solution File, Format Version 12.00
# Visual Studio Version 16
VisualStudioVersion = 16.0.29306.81
MinimumVisualStudioVersion = 10.0.40219.1
Project("{FAE04EC0-301F-11D3-BF4B-00C04F79EFBC}") = "HowToRecycleIt_Backend", "HowToRecycleIt_Backend\HowToRecycleIt_Backend.csproj", "{5F370506-FA26-490A-9AED-4466716282F4}"
EndProject
Global
	GlobalSection(SolutionConfigurationPlatforms) = preSolution
		Debug|Any CPU = Debug|Any CPU
		Release|Any CPU = Release|Any CPU
	EndGlobalSection
	GlobalSection(ProjectConfigurationPlatforms) = postSolution
		{5F370506-FA26-490A-9AED-4466716282F4}.Debug|Any CPU.ActiveCfg = Debug|Any CPU
		{5F370506-FA26-490A-9AED-4466716282F4}.Debug|Any CPU.Build.0 = Debug|Any CPU
		{5F370506-FA26-490A-9AED-4466716282F4}.Release|Any CPU.ActiveCfg = Release|Any CPU
		{5F370506-FA26-490A-9AED-4466716282F4}.Release|Any CPU.Build.0 = Release|Any CPU
	EndGlobalSection
	GlobalSection(SolutionProperties) = preSolution
		HideSolutionNode = FALSE
	EndGlobalSection
	GlobalSection(ExtensibilityGlobals) = postSolution
		SolutionGuid = {28653F4C-15BF-4C7B-9188-B39F35122F67}
	EndGlobalSection
EndGlobal
